
Microsoft Visual Studio Solution File, Format Version 12.00
# Visual Studio Version 17
VisualStudioVersion = 17.11.35222.181
MinimumVisualStudioVersion = 10.0.40219.1
Project("{FAE04EC0-301F-11D3-BF4B-00C04F79EFBC}") = "Foci", "Foci\Foci.csproj", "{A0F867DC-C49E-4BE3-865F-9D2849A3B825}"
EndProject
Global
	GlobalSection(SolutionConfigurationPlatforms) = preSolution
		Debug|Any CPU = Debug|Any CPU
		Release|Any CPU = Release|Any CPU
	EndGlobalSection
	GlobalSection(ProjectConfigurationPlatforms) = postSolution
		{A0F867DC-C49E-4BE3-865F-9D2849A3B825}.Debug|Any CPU.ActiveCfg = Debug|Any CPU
		{A0F867DC-C49E-4BE3-865F-9D2849A3B825}.Debug|Any CPU.Build.0 = Debug|Any CPU
		{A0F867DC-C49E-4BE3-865F-9D2849A3B825}.Release|Any CPU.ActiveCfg = Release|Any CPU
		{A0F867DC-C49E-4BE3-865F-9D2849A3B825}.Release|Any CPU.Build.0 = Release|Any CPU
	EndGlobalSection
	GlobalSection(SolutionProperties) = preSolution
		HideSolutionNode = FALSE
	EndGlobalSection
	GlobalSection(ExtensibilityGlobals) = postSolution
		SolutionGuid = {126E8805-D07B-465D-A8B9-18BA82C50B2F}
	EndGlobalSection
EndGlobal
